version = 1
revision = 3
requires-python = ">=3.14"

[[package]]
name = "diapostesis"
version = "0.1.0"
source = { virtual = "." }
dependencies = [
    { name = "gaanim" },
]

[package.metadata]
requires-dist = [{ name = "gaanim", path = "C:/Tools/gaanim/gaanim-0.7.2-py3-none-any.whl" }]

[[package]]
name = "gaanim"
version = "0.7.2"
source = { path = "C:/Tools/gaanim/gaanim-0.7.2-py3-none-any.whl" }
wheels = [
    { filename = "gaanim-0.7.2-py3-none-any.whl", hash = "sha256:9e962bfb61a0af410e4cd0f1ad3c2bd4520d65588ce0a6d49052073819e899fd" },
]

[package.metadata]
requires-dist = [{ name = "sympy", marker = "extra == 'algebra'", specifier = ">=1.14,<2" }]
provides-extras = ["algebra"]
