version = 1
revision = 3
requires-python = ">=3.14"

[[package]]
name = "diapostesis"
version = "0.1.0"
source = { virtual = "." }
dependencies = [
    { name = "gaanim" },
]

[package.metadata]
requires-dist = [{ name = "gaanim", path = "C:/Tools/gaanim/gaanim-0.6.1-py3-none-any.whl" }]

[[package]]
name = "gaanim"
version = "0.6.1"
source = { path = "C:/Tools/gaanim/gaanim-0.6.1-py3-none-any.whl" }
wheels = [
    { filename = "gaanim-0.6.1-py3-none-any.whl", hash = "sha256:e4cea7c6b7dbc3a0814d2d86e4cdc8edb81c9002cbeb773dc0bd8688da2019b8" },
]

[package.metadata]
requires-dist = [{ name = "sympy", marker = "extra == 'algebra'", specifier = ">=1.14,<2" }]
provides-extras = ["algebra"]
